
Microsoft Visual Studio Solution File, Format Version 12.00
# Visual Studio 15
VisualStudioVersion = 15.0.28307.136
MinimumVisualStudioVersion = 10.0.40219.1
Project("{FAE04EC0-301F-11D3-BF4B-00C04F79EFBC}") = "GoruntuIsleme", "GoruntuIsleme\GoruntuIsleme.csproj", "{DE957FAA-8854-4531-9979-99F1AEE1ADAF}"
EndProject
Global
	GlobalSection(SolutionConfigurationPlatforms) = preSolution
		Debug|Any CPU = Debug|Any CPU
		Release|Any CPU = Release|Any CPU
	EndGlobalSection
	GlobalSection(ProjectConfigurationPlatforms) = postSolution
		{DE957FAA-8854-4531-9979-99F1AEE1ADAF}.Debug|Any CPU.ActiveCfg = Debug|Any CPU
		{DE957FAA-8854-4531-9979-99F1AEE1ADAF}.Debug|Any CPU.Build.0 = Debug|Any CPU
		{DE957FAA-8854-4531-9979-99F1AEE1ADAF}.Release|Any CPU.ActiveCfg = Release|Any CPU
		{DE957FAA-8854-4531-9979-99F1AEE1ADAF}.Release|Any CPU.Build.0 = Release|Any CPU
	EndGlobalSection
	GlobalSection(SolutionProperties) = preSolution
		HideSolutionNode = FALSE
	EndGlobalSection
	GlobalSection(ExtensibilityGlobals) = postSolution
		SolutionGuid = {16C62BF2-B62E-4693-970E-6CA1BC6711EA}
	EndGlobalSection
EndGlobal
